
Microsoft Visual Studio Solution File, Format Version 12.00
# Visual Studio Version 17
VisualStudioVersion = 17.5.33502.453
MinimumVisualStudioVersion = 10.0.40219.1
Project("{FAE04EC0-301F-11D3-BF4B-00C04F79EFBC}") = "DotNetTrainingBatch4.ConsoleApp", "DotNetTrainingBatch4.ConsoleApp\DotNetTrainingBatch4.ConsoleApp.csproj", "{E5B4C8FB-C98F-4CA9-A5C6-0B905605851D}"
EndProject
Global
	GlobalSection(SolutionConfigurationPlatforms) = preSolution
		Debug|Any CPU = Debug|Any CPU
		Release|Any CPU = Release|Any CPU
	EndGlobalSection
	GlobalSection(ProjectConfigurationPlatforms) = postSolution
		{E5B4C8FB-C98F-4CA9-A5C6-0B905605851D}.Debug|Any CPU.ActiveCfg = Debug|Any CPU
		{E5B4C8FB-C98F-4CA9-A5C6-0B905605851D}.Debug|Any CPU.Build.0 = Debug|Any CPU
		{E5B4C8FB-C98F-4CA9-A5C6-0B905605851D}.Release|Any CPU.ActiveCfg = Release|Any CPU
		{E5B4C8FB-C98F-4CA9-A5C6-0B905605851D}.Release|Any CPU.Build.0 = Release|Any CPU
	EndGlobalSection
	GlobalSection(SolutionProperties) = preSolution
		HideSolutionNode = FALSE
	EndGlobalSection
	GlobalSection(ExtensibilityGlobals) = postSolution
		SolutionGuid = {85FFC068-1B37-4855-B479-557E105C8C88}
	EndGlobalSection
EndGlobal
